<Solution>
  <Folder Name="/src/">
    <Project Path="src/Talby.Core.ResxAccess/Talby.Core.ResxAccess.csproj" />
  </Folder>
  <Folder Name="/tests/">
    <Project Path="tests/Talby.Core.ResxAccess.Tests/Talby.Core.ResxAccess.Tests.csproj" />
    <Project Path="tests/Talby.Core.ResxAccess.AspectTests/Talby.Core.ResxAccess.AspectTests.csproj" />
  </Folder>
</Solution>
